Microsoft Visual Studio Solution File, Format Version 12.00
# Visual Studio Version 17
VisualStudioVersion = 17.5.2.0
MinimumVisualStudioVersion = 10.0.40219.1
Project("{FAE04EC0-301F-11D3-BF4B-00C04F79EFBC}") = "BeveragePOS", "BeveragePOS.csproj", "{2DB29BAA-4CDD-50D2-0446-7F2AEE4C5514}"
EndProject
Global
	GlobalSection(SolutionConfigurationPlatforms) = preSolution
		Debug|Any CPU = Debug|Any CPU
		Release|Any CPU = Release|Any CPU
	EndGlobalSection
	GlobalSection(ProjectConfigurationPlatforms) = postSolution
		{2DB29BAA-4CDD-50D2-0446-7F2AEE4C5514}.Debug|Any CPU.ActiveCfg = Debug|Any CPU
		{2DB29BAA-4CDD-50D2-0446-7F2AEE4C5514}.Debug|Any CPU.Build.0 = Debug|Any CPU
		{2DB29BAA-4CDD-50D2-0446-7F2AEE4C5514}.Release|Any CPU.ActiveCfg = Release|Any CPU
		{2DB29BAA-4CDD-50D2-0446-7F2AEE4C5514}.Release|Any CPU.Build.0 = Release|Any CPU
	EndGlobalSection
	GlobalSection(SolutionProperties) = preSolution
		HideSolutionNode = FALSE
	EndGlobalSection
	GlobalSection(ExtensibilityGlobals) = postSolution
		SolutionGuid = {875B1D50-7F32-4E14-9D8E-D3B791F8AAD2}
	EndGlobalSection
EndGlobal
